
Microsoft Visual Studio Solution File, Format Version 12.00
# Visual Studio Version 17
VisualStudioVersion = 17.4.33110.190
MinimumVisualStudioVersion = 10.0.40219.1
Project("{FAE04EC0-301F-11D3-BF4B-00C04F79EFBC}") = "SaafWebApp", "SaafWebApp\SaafWebApp.csproj", "{1E805338-E6F3-4E22-BDBC-071A18361745}"
EndProject
Global
	GlobalSection(SolutionConfigurationPlatforms) = preSolution
		Debug|Any CPU = Debug|Any CPU
		Release|Any CPU = Release|Any CPU
	EndGlobalSection
	GlobalSection(ProjectConfigurationPlatforms) = postSolution
		{1E805338-E6F3-4E22-BDBC-071A18361745}.Debug|Any CPU.ActiveCfg = Debug|Any CPU
		{1E805338-E6F3-4E22-BDBC-071A18361745}.Debug|Any CPU.Build.0 = Debug|Any CPU
		{1E805338-E6F3-4E22-BDBC-071A18361745}.Release|Any CPU.ActiveCfg = Release|Any CPU
		{1E805338-E6F3-4E22-BDBC-071A18361745}.Release|Any CPU.Build.0 = Release|Any CPU
	EndGlobalSection
	GlobalSection(SolutionProperties) = preSolution
		HideSolutionNode = FALSE
	EndGlobalSection
	GlobalSection(ExtensibilityGlobals) = postSolution
		SolutionGuid = {4DF634AC-28F7-4C8D-A359-792CB537B2A8}
	EndGlobalSection
EndGlobal
